
Microsoft Visual Studio Solution File, Format Version 12.00
# Visual Studio 2012
Project("{FAE04EC0-301F-11D3-BF4B-00C04F79EFBC}") = "Cocoon", "Cocoon\Cocoon.csproj", "{9BD8FD5B-9293-4F64-A88F-54AF5FC8488B}"
EndProject
Project("{FAE04EC0-301F-11D3-BF4B-00C04F79EFBC}") = "Cocoon.Tests", "Cocoon.Tests\Cocoon.Tests.csproj", "{C65908FA-1BF6-463D-B676-FD222AF76E49}"
EndProject
Project("{FAE04EC0-301F-11D3-BF4B-00C04F79EFBC}") = "Cocoon.Sample", "Cocoon.Sample\Cocoon.Sample.csproj", "{7E86FE48-FA35-4BC4-990A-A55D7737073E}"
EndProject
Project("{2150E333-8FDC-42A3-9474-1A3956D46DE8}") = ".nuget", ".nuget", "{1069D5CE-F336-4C89-BFF6-9C92F651FC86}"
	ProjectSection(SolutionItems) = preProject
		.nuget\NuGet.exe = .nuget\NuGet.exe
		.nuget\NuGet.targets = .nuget\NuGet.targets
	EndProjectSection
EndProject
Project("{FAE04EC0-301F-11D3-BF4B-00C04F79EFBC}") = "Cocoon.MEF", "Cocoon.MEF\Cocoon.MEF.csproj", "{C1D41E3F-BCFC-4C91-9B27-F29F8E7150ED}"
EndProject
Project("{FAE04EC0-301F-11D3-BF4B-00C04F79EFBC}") = "Cocoon.Autofac", "Cocoon.Autofac\Cocoon.Autofac.csproj", "{D8D3E64D-609E-4140-8B5D-0934F6C5DE77}"
EndProject
Global
	GlobalSection(SolutionConfigurationPlatforms) = preSolution
		Debug|ARM = Debug|ARM
		Debug|Any CPU = Debug|Any CPU
		Debug|x64 = Debug|x64
		Debug|x86 = Debug|x86
		Release|ARM = Release|ARM
		Release|Any CPU = Release|Any CPU
		Release|x64 = Release|x64
		Release|x86 = Release|x86
	EndGlobalSection
	GlobalSection(ProjectConfigurationPlatforms) = postSolution
		{7E86FE48-FA35-4BC4-990A-A55D7737073E}.Debug|ARM.ActiveCfg = Debug|ARM
		{7E86FE48-FA35-4BC4-990A-A55D7737073E}.Debug|ARM.Build.0 = Debug|ARM
		{7E86FE48-FA35-4BC4-990A-A55D7737073E}.Debug|ARM.Deploy.0 = Debug|ARM
		{7E86FE48-FA35-4BC4-990A-A55D7737073E}.Debug|Any CPU.ActiveCfg = Debug|Any CPU
		{7E86FE48-FA35-4BC4-990A-A55D7737073E}.Debug|Any CPU.Build.0 = Debug|Any CPU
		{7E86FE48-FA35-4BC4-990A-A55D7737073E}.Debug|Any CPU.Deploy.0 = Debug|Any CPU
		{7E86FE48-FA35-4BC4-990A-A55D7737073E}.Debug|x64.ActiveCfg = Debug|x64
		{7E86FE48-FA35-4BC4-990A-A55D7737073E}.Debug|x64.Build.0 = Debug|x64
		{7E86FE48-FA35-4BC4-990A-A55D7737073E}.Debug|x64.Deploy.0 = Debug|x64
		{7E86FE48-FA35-4BC4-990A-A55D7737073E}.Debug|x86.ActiveCfg = Debug|x86
		{7E86FE48-FA35-4BC4-990A-A55D7737073E}.Debug|x86.Build.0 = Debug|x86
		{7E86FE48-FA35-4BC4-990A-A55D7737073E}.Debug|x86.Deploy.0 = Debug|x86
		{7E86FE48-FA35-4BC4-990A-A55D7737073E}.Release|ARM.ActiveCfg = Release|ARM
		{7E86FE48-FA35-4BC4-990A-A55D7737073E}.Release|ARM.Build.0 = Release|ARM
		{7E86FE48-FA35-4BC4-990A-A55D7737073E}.Release|ARM.Deploy.0 = Release|ARM
		{7E86FE48-FA35-4BC4-990A-A55D7737073E}.Release|Any CPU.ActiveCfg = Release|Any CPU
		{7E86FE48-FA35-4BC4-990A-A55D7737073E}.Release|Any CPU.Build.0 = Release|Any CPU
		{7E86FE48-FA35-4BC4-990A-A55D7737073E}.Release|Any CPU.Deploy.0 = Release|Any CPU
		{7E86FE48-FA35-4BC4-990A-A55D7737073E}.Release|x64.ActiveCfg = Release|x64
		{7E86FE48-FA35-4BC4-990A-A55D7737073E}.Release|x64.Build.0 = Release|x64
		{7E86FE48-FA35-4BC4-990A-A55D7737073E}.Release|x64.Deploy.0 = Release|x64
		{7E86FE48-FA35-4BC4-990A-A55D7737073E}.Release|x86.ActiveCfg = Release|x86
		{7E86FE48-FA35-4BC4-990A-A55D7737073E}.Release|x86.Build.0 = Release|x86
		{7E86FE48-FA35-4BC4-990A-A55D7737073E}.Release|x86.Deploy.0 = Release|x86
		{9BD8FD5B-9293-4F64-A88F-54AF5FC8488B}.Debug|ARM.ActiveCfg = Debug|ARM
		{9BD8FD5B-9293-4F64-A88F-54AF5FC8488B}.Debug|ARM.Build.0 = Debug|ARM
		{9BD8FD5B-9293-4F64-A88F-54AF5FC8488B}.Debug|Any CPU.ActiveCfg = Debug|Any CPU
		{9BD8FD5B-9293-4F64-A88F-54AF5FC8488B}.Debug|Any CPU.Build.0 = Debug|Any CPU
		{9BD8FD5B-9293-4F64-A88F-54AF5FC8488B}.Debug|x64.ActiveCfg = Debug|x64
		{9BD8FD5B-9293-4F64-A88F-54AF5FC8488B}.Debug|x64.Build.0 = Debug|x64
		{9BD8FD5B-9293-4F64-A88F-54AF5FC8488B}.Debug|x86.ActiveCfg = Debug|x86
		{9BD8FD5B-9293-4F64-A88F-54AF5FC8488B}.Debug|x86.Build.0 = Debug|x86
		{9BD8FD5B-9293-4F64-A88F-54AF5FC8488B}.Release|ARM.ActiveCfg = Release|ARM
		{9BD8FD5B-9293-4F64-A88F-54AF5FC8488B}.Release|ARM.Build.0 = Release|ARM
		{9BD8FD5B-9293-4F64-A88F-54AF5FC8488B}.Release|Any CPU.ActiveCfg = Release|Any CPU
		{9BD8FD5B-9293-4F64-A88F-54AF5FC8488B}.Release|Any CPU.Build.0 = Release|Any CPU
		{9BD8FD5B-9293-4F64-A88F-54AF5FC8488B}.Release|x64.ActiveCfg = Release|x64
		{9BD8FD5B-9293-4F64-A88F-54AF5FC8488B}.Release|x64.Build.0 = Release|x64
		{9BD8FD5B-9293-4F64-A88F-54AF5FC8488B}.Release|x86.ActiveCfg = Release|x86
		{9BD8FD5B-9293-4F64-A88F-54AF5FC8488B}.Release|x86.Build.0 = Release|x86
		{C1D41E3F-BCFC-4C91-9B27-F29F8E7150ED}.Debug|ARM.ActiveCfg = Debug|ARM
		{C1D41E3F-BCFC-4C91-9B27-F29F8E7150ED}.Debug|ARM.Build.0 = Debug|ARM
		{C1D41E3F-BCFC-4C91-9B27-F29F8E7150ED}.Debug|Any CPU.ActiveCfg = Debug|Any CPU
		{C1D41E3F-BCFC-4C91-9B27-F29F8E7150ED}.Debug|Any CPU.Build.0 = Debug|Any CPU
		{C1D41E3F-BCFC-4C91-9B27-F29F8E7150ED}.Debug|x64.ActiveCfg = Debug|x64
		{C1D41E3F-BCFC-4C91-9B27-F29F8E7150ED}.Debug|x64.Build.0 = Debug|x64
		{C1D41E3F-BCFC-4C91-9B27-F29F8E7150ED}.Debug|x86.ActiveCfg = Debug|x86
		{C1D41E3F-BCFC-4C91-9B27-F29F8E7150ED}.Debug|x86.Build.0 = Debug|x86
		{C1D41E3F-BCFC-4C91-9B27-F29F8E7150ED}.Release|ARM.ActiveCfg = Release|ARM
		{C1D41E3F-BCFC-4C91-9B27-F29F8E7150ED}.Release|ARM.Build.0 = Release|ARM
		{C1D41E3F-BCFC-4C91-9B27-F29F8E7150ED}.Release|Any CPU.ActiveCfg = Release|Any CPU
		{C1D41E3F-BCFC-4C91-9B27-F29F8E7150ED}.Release|Any CPU.Build.0 = Release|Any CPU
		{C1D41E3F-BCFC-4C91-9B27-F29F8E7150ED}.Release|x64.ActiveCfg = Release|x64
		{C1D41E3F-BCFC-4C91-9B27-F29F8E7150ED}.Release|x64.Build.0 = Release|x64
		{C1D41E3F-BCFC-4C91-9B27-F29F8E7150ED}.Release|x86.ActiveCfg = Release|x86
		{C1D41E3F-BCFC-4C91-9B27-F29F8E7150ED}.Release|x86.Build.0 = Release|x86
		{C65908FA-1BF6-463D-B676-FD222AF76E49}.Debug|ARM.ActiveCfg = Debug|ARM
		{C65908FA-1BF6-463D-B676-FD222AF76E49}.Debug|ARM.Build.0 = Debug|ARM
		{C65908FA-1BF6-463D-B676-FD222AF76E49}.Debug|ARM.Deploy.0 = Debug|ARM
		{C65908FA-1BF6-463D-B676-FD222AF76E49}.Debug|Any CPU.ActiveCfg = Debug|Any CPU
		{C65908FA-1BF6-463D-B676-FD222AF76E49}.Debug|Any CPU.Build.0 = Debug|Any CPU
		{C65908FA-1BF6-463D-B676-FD222AF76E49}.Debug|Any CPU.Deploy.0 = Debug|Any CPU
		{C65908FA-1BF6-463D-B676-FD222AF76E49}.Debug|x64.ActiveCfg = Debug|x64
		{C65908FA-1BF6-463D-B676-FD222AF76E49}.Debug|x64.Build.0 = Debug|x64
		{C65908FA-1BF6-463D-B676-FD222AF76E49}.Debug|x64.Deploy.0 = Debug|x64
		{C65908FA-1BF6-463D-B676-FD222AF76E49}.Debug|x86.ActiveCfg = Debug|x86
		{C65908FA-1BF6-463D-B676-FD222AF76E49}.Debug|x86.Build.0 = Debug|x86
		{C65908FA-1BF6-463D-B676-FD222AF76E49}.Debug|x86.Deploy.0 = Debug|x86
		{C65908FA-1BF6-463D-B676-FD222AF76E49}.Release|ARM.ActiveCfg = Release|ARM
		{C65908FA-1BF6-463D-B676-FD222AF76E49}.Release|ARM.Build.0 = Release|ARM
		{C65908FA-1BF6-463D-B676-FD222AF76E49}.Release|ARM.Deploy.0 = Release|ARM
		{C65908FA-1BF6-463D-B676-FD222AF76E49}.Release|Any CPU.ActiveCfg = Release|Any CPU
		{C65908FA-1BF6-463D-B676-FD222AF76E49}.Release|Any CPU.Build.0 = Release|Any CPU
		{C65908FA-1BF6-463D-B676-FD222AF76E49}.Release|Any CPU.Deploy.0 = Release|Any CPU
		{C65908FA-1BF6-463D-B676-FD222AF76E49}.Release|x64.ActiveCfg = Release|x64
		{C65908FA-1BF6-463D-B676-FD222AF76E49}.Release|x64.Build.0 = Release|x64
		{C65908FA-1BF6-463D-B676-FD222AF76E49}.Release|x64.Deploy.0 = Release|x64
		{C65908FA-1BF6-463D-B676-FD222AF76E49}.Release|x86.ActiveCfg = Release|x86
		{C65908FA-1BF6-463D-B676-FD222AF76E49}.Release|x86.Build.0 = Release|x86
		{C65908FA-1BF6-463D-B676-FD222AF76E49}.Release|x86.Deploy.0 = Release|x86
		{D8D3E64D-609E-4140-8B5D-0934F6C5DE77}.Debug|ARM.ActiveCfg = Debug|ARM
		{D8D3E64D-609E-4140-8B5D-0934F6C5DE77}.Debug|ARM.Build.0 = Debug|ARM
		{D8D3E64D-609E-4140-8B5D-0934F6C5DE77}.Debug|Any CPU.ActiveCfg = Debug|Any CPU
		{D8D3E64D-609E-4140-8B5D-0934F6C5DE77}.Debug|Any CPU.Build.0 = Debug|Any CPU
		{D8D3E64D-609E-4140-8B5D-0934F6C5DE77}.Debug|x64.ActiveCfg = Debug|x64
		{D8D3E64D-609E-4140-8B5D-0934F6C5DE77}.Debug|x64.Build.0 = Debug|x64
		{D8D3E64D-609E-4140-8B5D-0934F6C5DE77}.Debug|x86.ActiveCfg = Debug|x86
		{D8D3E64D-609E-4140-8B5D-0934F6C5DE77}.Debug|x86.Build.0 = Debug|x86
		{D8D3E64D-609E-4140-8B5D-0934F6C5DE77}.Release|ARM.ActiveCfg = Release|ARM
		{D8D3E64D-609E-4140-8B5D-0934F6C5DE77}.Release|ARM.Build.0 = Release|ARM
		{D8D3E64D-609E-4140-8B5D-0934F6C5DE77}.Release|Any CPU.ActiveCfg = Release|Any CPU
		{D8D3E64D-609E-4140-8B5D-0934F6C5DE77}.Release|Any CPU.Build.0 = Release|Any CPU
		{D8D3E64D-609E-4140-8B5D-0934F6C5DE77}.Release|x64.ActiveCfg = Release|x64
		{D8D3E64D-609E-4140-8B5D-0934F6C5DE77}.Release|x64.Build.0 = Release|x64
		{D8D3E64D-609E-4140-8B5D-0934F6C5DE77}.Release|x86.ActiveCfg = Release|x86
		{D8D3E64D-609E-4140-8B5D-0934F6C5DE77}.Release|x86.Build.0 = Release|x86
	EndGlobalSection
	GlobalSection(SolutionProperties) = preSolution
		HideSolutionNode = FALSE
	EndGlobalSection
EndGlobal
